
Microsoft Visual Studio Solution File, Format Version 12.00
# Visual Studio Version 16
VisualStudioVersion = 16.0.30309.148
MinimumVisualStudioVersion = 10.0.40219.1
Project("{8BC9CEB8-8B4A-11D0-8D11-00A0C91BC942}") = "SQLConnection", "SQLConnection\SQLConnection.vcxproj", "{BA4229A9-5068-423E-AC3E-9BCB1C0AEF77}"
EndProject
Global
	GlobalSection(SolutionConfigurationPlatforms) = preSolution
		Debug|x64 = Debug|x64
		Debug|x86 = Debug|x86
		Release|x64 = Release|x64
		Release|x86 = Release|x86
	EndGlobalSection
	GlobalSection(ProjectConfigurationPlatforms) = postSolution
		{BA4229A9-5068-423E-AC3E-9BCB1C0AEF77}.Debug|x64.ActiveCfg = Debug|x64
		{BA4229A9-5068-423E-AC3E-9BCB1C0AEF77}.Debug|x64.Build.0 = Debug|x64
		{BA4229A9-5068-423E-AC3E-9BCB1C0AEF77}.Debug|x86.ActiveCfg = Debug|Win32
		{BA4229A9-5068-423E-AC3E-9BCB1C0AEF77}.Debug|x86.Build.0 = Debug|Win32
		{BA4229A9-5068-423E-AC3E-9BCB1C0AEF77}.Release|x64.ActiveCfg = Release|x64
		{BA4229A9-5068-423E-AC3E-9BCB1C0AEF77}.Release|x64.Build.0 = Release|x64
		{BA4229A9-5068-423E-AC3E-9BCB1C0AEF77}.Release|x86.ActiveCfg = Release|Win32
		{BA4229A9-5068-423E-AC3E-9BCB1C0AEF77}.Release|x86.Build.0 = Release|Win32
	EndGlobalSection
	GlobalSection(SolutionProperties) = preSolution
		HideSolutionNode = FALSE
	EndGlobalSection
	GlobalSection(ExtensibilityGlobals) = postSolution
		SolutionGuid = {6A4595C4-CC4A-4070-BEBD-239EFCEA2B75}
	EndGlobalSection
EndGlobal
